
Microsoft Visual Studio Solution File, Format Version 12.00
# Visual Studio Version 16
VisualStudioVersion = 16.0.29911.84
MinimumVisualStudioVersion = 10.0.40219.1
Project("{FAE04EC0-301F-11D3-BF4B-00C04F79EFBC}") = "POO_Practico2", "POO_Practico2\POO_Practico2.csproj", "{261DB922-17F3-4DDA-9A1A-DB382D5713D3}"
EndProject
Global
	GlobalSection(SolutionConfigurationPlatforms) = preSolution
		Debug|Any CPU = Debug|Any CPU
		Release|Any CPU = Release|Any CPU
	EndGlobalSection
	GlobalSection(ProjectConfigurationPlatforms) = postSolution
		{261DB922-17F3-4DDA-9A1A-DB382D5713D3}.Debug|Any CPU.ActiveCfg = Debug|Any CPU
		{261DB922-17F3-4DDA-9A1A-DB382D5713D3}.Debug|Any CPU.Build.0 = Debug|Any CPU
		{261DB922-17F3-4DDA-9A1A-DB382D5713D3}.Release|Any CPU.ActiveCfg = Release|Any CPU
		{261DB922-17F3-4DDA-9A1A-DB382D5713D3}.Release|Any CPU.Build.0 = Release|Any CPU
	EndGlobalSection
	GlobalSection(SolutionProperties) = preSolution
		HideSolutionNode = FALSE
	EndGlobalSection
	GlobalSection(ExtensibilityGlobals) = postSolution
		SolutionGuid = {3934E532-DE05-4E01-A978-3742936C94D4}
	EndGlobalSection
EndGlobal
