
Microsoft Visual Studio Solution File, Format Version 12.00
# Visual Studio Version 16
VisualStudioVersion = 16.0.29911.84
MinimumVisualStudioVersion = 10.0.40219.1
Project("{FAE04EC0-301F-11D3-BF4B-00C04F79EFBC}") = "trabajolab", "trabajolab\trabajolab.csproj", "{B247EBD8-FE95-46B9-B91C-5DB4A9AD2D72}"
EndProject
Global
	GlobalSection(SolutionConfigurationPlatforms) = preSolution
		Debug|Any CPU = Debug|Any CPU
		Release|Any CPU = Release|Any CPU
	EndGlobalSection
	GlobalSection(ProjectConfigurationPlatforms) = postSolution
		{B247EBD8-FE95-46B9-B91C-5DB4A9AD2D72}.Debug|Any CPU.ActiveCfg = Debug|Any CPU
		{B247EBD8-FE95-46B9-B91C-5DB4A9AD2D72}.Debug|Any CPU.Build.0 = Debug|Any CPU
		{B247EBD8-FE95-46B9-B91C-5DB4A9AD2D72}.Release|Any CPU.ActiveCfg = Release|Any CPU
		{B247EBD8-FE95-46B9-B91C-5DB4A9AD2D72}.Release|Any CPU.Build.0 = Release|Any CPU
	EndGlobalSection
	GlobalSection(SolutionProperties) = preSolution
		HideSolutionNode = FALSE
	EndGlobalSection
	GlobalSection(ExtensibilityGlobals) = postSolution
		SolutionGuid = {F99C35D7-8FC0-4010-9C18-15954F0889CF}
	EndGlobalSection
EndGlobal
