
Microsoft Visual Studio Solution File, Format Version 12.00
# Visual Studio Version 16
VisualStudioVersion = 16.0.29911.84
MinimumVisualStudioVersion = 10.0.40219.1
Project("{FAE04EC0-301F-11D3-BF4B-00C04F79EFBC}") = "trabajoLab_area", "trabajoLab_area\trabajoLab_area.csproj", "{26E9DD3B-AF43-4272-9BA0-B9E8BFDA3DAE}"
EndProject
Global
	GlobalSection(SolutionConfigurationPlatforms) = preSolution
		Debug|Any CPU = Debug|Any CPU
		Release|Any CPU = Release|Any CPU
	EndGlobalSection
	GlobalSection(ProjectConfigurationPlatforms) = postSolution
		{26E9DD3B-AF43-4272-9BA0-B9E8BFDA3DAE}.Debug|Any CPU.ActiveCfg = Debug|Any CPU
		{26E9DD3B-AF43-4272-9BA0-B9E8BFDA3DAE}.Debug|Any CPU.Build.0 = Debug|Any CPU
		{26E9DD3B-AF43-4272-9BA0-B9E8BFDA3DAE}.Release|Any CPU.ActiveCfg = Release|Any CPU
		{26E9DD3B-AF43-4272-9BA0-B9E8BFDA3DAE}.Release|Any CPU.Build.0 = Release|Any CPU
	EndGlobalSection
	GlobalSection(SolutionProperties) = preSolution
		HideSolutionNode = FALSE
	EndGlobalSection
	GlobalSection(ExtensibilityGlobals) = postSolution
		SolutionGuid = {1CF30D27-1862-4B47-BE4E-C24AAA8701D7}
	EndGlobalSection
EndGlobal
