
Microsoft Visual Studio Solution File, Format Version 12.00
# Visual Studio Version 16
VisualStudioVersion = 16.0.30011.22
MinimumVisualStudioVersion = 10.0.40219.1
Project("{FAE04EC0-301F-11D3-BF4B-00C04F79EFBC}") = "practica1parcial1", "practica1parcial1.csproj", "{6E9A6F62-EF5E-459B-A18A-CA7F6565763E}"
EndProject
Global
	GlobalSection(SolutionConfigurationPlatforms) = preSolution
		Debug|Any CPU = Debug|Any CPU
		Release|Any CPU = Release|Any CPU
	EndGlobalSection
	GlobalSection(ProjectConfigurationPlatforms) = postSolution
		{6E9A6F62-EF5E-459B-A18A-CA7F6565763E}.Debug|Any CPU.ActiveCfg = Debug|Any CPU
		{6E9A6F62-EF5E-459B-A18A-CA7F6565763E}.Debug|Any CPU.Build.0 = Debug|Any CPU
		{6E9A6F62-EF5E-459B-A18A-CA7F6565763E}.Release|Any CPU.ActiveCfg = Release|Any CPU
		{6E9A6F62-EF5E-459B-A18A-CA7F6565763E}.Release|Any CPU.Build.0 = Release|Any CPU
	EndGlobalSection
	GlobalSection(SolutionProperties) = preSolution
		HideSolutionNode = FALSE
	EndGlobalSection
	GlobalSection(ExtensibilityGlobals) = postSolution
		SolutionGuid = {C0432980-4B18-462B-89EC-155BC0589E20}
	EndGlobalSection
EndGlobal
